# This file was autogenerated by Stack.
# You should not edit this file by hand.
# For more information, please see the documentation at:
#   https://docs.haskellstack.org/en/stable/lock_files

packages:
- completed:
    hackage: bloodhound-0.16.0.0@sha256:b7be3a83e7b914fbe80a9b9de29009ad60cff072f5f8d4af4ee64de8e6406d32,5508
    pantry-tree:
      size: 4812
      sha256: 7f21ce00e92f7fd24a91dd19a82aab38f62047c1b93f2cc070481760b41a4d37
  original:
    hackage: bloodhound-0.16.0.0@sha256:b7be3a83e7b914fbe80a9b9de29009ad60cff072f5f8d4af4ee64de8e6406d32,5508
- completed:
    hackage: log-elasticsearch-0.10.1.0@sha256:00b95a0668a4799895f51933e49dbb758b17e9ee9e07e752859339197b98da65,2789
    pantry-tree:
      size: 932
      sha256: 99849011ab325005d9dc2df82d10cbc53dfde2b9a3319079302d64a0271b69a7
  original:
    hackage: log-elasticsearch-0.10.1.0
snapshots:
- completed:
    size: 523448
    url: https://raw.githubusercontent.com/commercialhaskell/stackage-snapshots/master/lts/14/1.yaml
    sha256: 0045b9bae36c3bb2dd374c29b586389845af1557eea0423958d152fc500d4fbf
  original: lts-14.1
